
Microsoft Visual Studio Solution File, Format Version 12.00
# Visual Studio Version 16
VisualStudioVersion = 16.0.31205.134
MinimumVisualStudioVersion = 10.0.40219.1
Project("{8BC9CEB8-8B4A-11D0-8D11-00A0C91BC942}") = "ConsoleApplication2", "ConsoleApplication2\ConsoleApplication2.vcxproj", "{5CA18519-5076-45C3-B009-49D690529CBD}"
EndProject
Global
	GlobalSection(SolutionConfigurationPlatforms) = preSolution
		Debug|x64 = Debug|x64
		Debug|x86 = Debug|x86
		Release|x64 = Release|x64
		Release|x86 = Release|x86
	EndGlobalSection
	GlobalSection(ProjectConfigurationPlatforms) = postSolution
		{5CA18519-5076-45C3-B009-49D690529CBD}.Debug|x64.ActiveCfg = Debug|x64
		{5CA18519-5076-45C3-B009-49D690529CBD}.Debug|x64.Build.0 = Debug|x64
		{5CA18519-5076-45C3-B009-49D690529CBD}.Debug|x86.ActiveCfg = Debug|Win32
		{5CA18519-5076-45C3-B009-49D690529CBD}.Debug|x86.Build.0 = Debug|Win32
		{5CA18519-5076-45C3-B009-49D690529CBD}.Release|x64.ActiveCfg = Release|x64
		{5CA18519-5076-45C3-B009-49D690529CBD}.Release|x64.Build.0 = Release|x64
		{5CA18519-5076-45C3-B009-49D690529CBD}.Release|x86.ActiveCfg = Release|Win32
		{5CA18519-5076-45C3-B009-49D690529CBD}.Release|x86.Build.0 = Release|Win32
	EndGlobalSection
	GlobalSection(SolutionProperties) = preSolution
		HideSolutionNode = FALSE
	EndGlobalSection
	GlobalSection(ExtensibilityGlobals) = postSolution
		SolutionGuid = {78857E4D-825D-4835-B931-51537E0CB1FC}
	EndGlobalSection
EndGlobal
